
Microsoft Visual Studio Solution File, Format Version 12.00
# Visual Studio Version 17
VisualStudioVersion = 17.8.34316.72
MinimumVisualStudioVersion = 10.0.40219.1
Project("{9A19103F-16F7-4668-BE54-9A1E7A4F7556}") = "Projekt.Application", "Projekt.Application\Projekt.Application.csproj", "{1DE2100D-8DA5-4421-9E18-CF4B0BE4AC90}"
EndProject
Project("{9A19103F-16F7-4668-BE54-9A1E7A4F7556}") = "Projekt.Domain", "Projekt.Domain\Projekt.Domain.csproj", "{51240C10-0426-4DD1-93CA-B72B66AE768B}"
EndProject
Project("{9A19103F-16F7-4668-BE54-9A1E7A4F7556}") = "Projekt.Infrastructure", "Projekt.Infrastructure\Projekt.Infrastructure.csproj", "{9671F5E4-8586-46C9-99E9-293AA188BD1D}"
EndProject
Project("{9A19103F-16F7-4668-BE54-9A1E7A4F7556}") = "Projekt.SharedKernel", "Projekt.SharedKernel\Projekt.SharedKernel.csproj", "{C8BA5E2D-4603-417B-B6B5-519959638DBA}"
EndProject
Project("{9A19103F-16F7-4668-BE54-9A1E7A4F7556}") = "Projekt.Web.API", "Projekt.Web.API\Projekt.Web.API.csproj", "{395759A5-D059-4909-8294-15FC50864E97}"
EndProject
Project("{2150E333-8FDC-42A3-9474-1A3956D46DE8}") = "Elementy rozwiązania", "Elementy rozwiązania", "{D3125D49-EF47-4850-9219-12DDCD72E699}"
EndProject
Project("{9A19103F-16F7-4668-BE54-9A1E7A4F7556}") = "Projekt.BlazorServer", "Projekt.BlazorServer\Projekt.BlazorServer.csproj", "{696908DF-DA54-4886-804D-257FA34E3845}"
EndProject
Project("{9A19103F-16F7-4668-BE54-9A1E7A4F7556}") = "Projekt.BlazorUser", "Projekt.BlazorUser\Projekt.BlazorUser.csproj", "{8A3D04CA-146A-4A41-872E-682EEF62223D}"
EndProject
Global
	GlobalSection(SolutionConfigurationPlatforms) = preSolution
		Debug|Any CPU = Debug|Any CPU
		Release|Any CPU = Release|Any CPU
	EndGlobalSection
	GlobalSection(ProjectConfigurationPlatforms) = postSolution
		{1DE2100D-8DA5-4421-9E18-CF4B0BE4AC90}.Debug|Any CPU.ActiveCfg = Debug|Any CPU
		{1DE2100D-8DA5-4421-9E18-CF4B0BE4AC90}.Debug|Any CPU.Build.0 = Debug|Any CPU
		{1DE2100D-8DA5-4421-9E18-CF4B0BE4AC90}.Release|Any CPU.ActiveCfg = Release|Any CPU
		{1DE2100D-8DA5-4421-9E18-CF4B0BE4AC90}.Release|Any CPU.Build.0 = Release|Any CPU
		{51240C10-0426-4DD1-93CA-B72B66AE768B}.Debug|Any CPU.ActiveCfg = Debug|Any CPU
		{51240C10-0426-4DD1-93CA-B72B66AE768B}.Debug|Any CPU.Build.0 = Debug|Any CPU
		{51240C10-0426-4DD1-93CA-B72B66AE768B}.Release|Any CPU.ActiveCfg = Release|Any CPU
		{51240C10-0426-4DD1-93CA-B72B66AE768B}.Release|Any CPU.Build.0 = Release|Any CPU
		{9671F5E4-8586-46C9-99E9-293AA188BD1D}.Debug|Any CPU.ActiveCfg = Debug|Any CPU
		{9671F5E4-8586-46C9-99E9-293AA188BD1D}.Debug|Any CPU.Build.0 = Debug|Any CPU
		{9671F5E4-8586-46C9-99E9-293AA188BD1D}.Release|Any CPU.ActiveCfg = Release|Any CPU
		{9671F5E4-8586-46C9-99E9-293AA188BD1D}.Release|Any CPU.Build.0 = Release|Any CPU
		{C8BA5E2D-4603-417B-B6B5-519959638DBA}.Debug|Any CPU.ActiveCfg = Debug|Any CPU
		{C8BA5E2D-4603-417B-B6B5-519959638DBA}.Debug|Any CPU.Build.0 = Debug|Any CPU
		{C8BA5E2D-4603-417B-B6B5-519959638DBA}.Release|Any CPU.ActiveCfg = Release|Any CPU
		{C8BA5E2D-4603-417B-B6B5-519959638DBA}.Release|Any CPU.Build.0 = Release|Any CPU
		{395759A5-D059-4909-8294-15FC50864E97}.Debug|Any CPU.ActiveCfg = Debug|Any CPU
		{395759A5-D059-4909-8294-15FC50864E97}.Debug|Any CPU.Build.0 = Debug|Any CPU
		{395759A5-D059-4909-8294-15FC50864E97}.Release|Any CPU.ActiveCfg = Release|Any CPU
		{395759A5-D059-4909-8294-15FC50864E97}.Release|Any CPU.Build.0 = Release|Any CPU
		{696908DF-DA54-4886-804D-257FA34E3845}.Debug|Any CPU.ActiveCfg = Debug|Any CPU
		{696908DF-DA54-4886-804D-257FA34E3845}.Debug|Any CPU.Build.0 = Debug|Any CPU
		{696908DF-DA54-4886-804D-257FA34E3845}.Release|Any CPU.ActiveCfg = Release|Any CPU
		{696908DF-DA54-4886-804D-257FA34E3845}.Release|Any CPU.Build.0 = Release|Any CPU
		{8A3D04CA-146A-4A41-872E-682EEF62223D}.Debug|Any CPU.ActiveCfg = Debug|Any CPU
		{8A3D04CA-146A-4A41-872E-682EEF62223D}.Debug|Any CPU.Build.0 = Debug|Any CPU
		{8A3D04CA-146A-4A41-872E-682EEF62223D}.Release|Any CPU.ActiveCfg = Release|Any CPU
		{8A3D04CA-146A-4A41-872E-682EEF62223D}.Release|Any CPU.Build.0 = Release|Any CPU
	EndGlobalSection
	GlobalSection(SolutionProperties) = preSolution
		HideSolutionNode = FALSE
	EndGlobalSection
	GlobalSection(ExtensibilityGlobals) = postSolution
		SolutionGuid = {2F366600-AD0D-484C-AC59-CE099583C86F}
	EndGlobalSection
EndGlobal
